// !$*UTF8*$!
{
	archiveVersion = 1;
	classes = {
	};
	objectVersion = 46;
	objects = {

/* Begin PBXBuildFile section */
		1984F15889B70471ECA5353A /* Foundation.framework in Frameworks */ = {isa = PBXBuildFile; fileRef = 85872FF4363A476BBB8CB315 /* Foundation.framework */; };
		B044183E5D84031D2BC44DFC /* main.m in Sources */ = {isa = PBXBuildFile; fileRef = 84750A2210565348E482448E /* main.m */; };
		C8BF08B279D695F1693D84C1 /* libPods-TOSMBClientPodTest.a in Frameworks */ = {isa = PBXBuildFile; fileRef = FFE68B5D5D7D9252AE2F634C /* libPods-TOSMBClientPodTest.a */; };
/* End PBXBuildFile section */

/* Begin PBXFileReference section */
		01DE8E291628DBBBF3DA8483 /* Info.plist */ = {isa = PBXFileReference; includeInIndex = 1; lastKnownFileType = text.plist.xml; path = Info.plist; sourceTree = "<group>"; };
		3747FB35CB44F4F1720E8AF0 /* TOSMBClientPodTest.app */ = {isa = PBXFileReference; explicitFileType = wrapper.application; includeInIndex = 0; path = TOSMBClientPodTest.app; sourceTree = BUILT_PRODUCTS_DIR; };
		3AF4283B0F0CE13EF136C3B6 /* Pods-TOSMBClientPodTest.debug.xcconfig */ = {isa = PBXFileReference; includeInIndex = 1; lastKnownFileType = text.xcconfig; name = "Pods-TOSMBClientPodTest.debug.xcconfig"; path = "Target Support Files/Pods-TOSMBClientPodTest/Pods-TOSMBClientPodTest.debug.xcconfig"; sourceTree = "<group>"; };
		84750A2210565348E482448E /* main.m */ = {isa = PBXFileReference; includeInIndex = 1; lastKnownFileType = sourcecode.c.objc; path = main.m; sourceTree = "<group>"; };
		85872FF4363A476BBB8CB315 /* Foundation.framework */ = {isa = PBXFileReference; lastKnownFileType = wrapper.framework; name = Foundation.framework; path = Platforms/iPhoneOS.platform/Developer/SDKs/iPhoneOS18.0.sdk/System/Library/Frameworks/Foundation.framework; sourceTree = DEVELOPER_DIR; };
		EDDEDA881535C26DB05A4521 /* Pods-TOSMBClientPodTest.release.xcconfig */ = {isa = PBXFileReference; includeInIndex = 1; lastKnownFileType = text.xcconfig; name = "Pods-TOSMBClientPodTest.release.xcconfig"; path = "Target Support Files/Pods-TOSMBClientPodTest/Pods-TOSMBClientPodTest.release.xcconfig"; sourceTree = "<group>"; };
		FFE68B5D5D7D9252AE2F634C /* libPods-TOSMBClientPodTest.a */ = {isa = PBXFileReference; explicitFileType = archive.ar; includeInIndex = 0; path = "libPods-TOSMBClientPodTest.a"; sourceTree = BUILT_PRODUCTS_DIR; };
/* End PBXFileReference section */

/* Begin PBXFrameworksBuildPhase section */
		DBB4282C881105F6D0A7C318 /* Frameworks */ = {
			isa = PBXFrameworksBuildPhase;
			buildActionMask = 2147483647;
			files = (
				1984F15889B70471ECA5353A /* Foundation.framework in Frameworks */,
				C8BF08B279D695F1693D84C1 /* libPods-TOSMBClientPodTest.a in Frameworks */,
			);
			runOnlyForDeploymentPostprocessing = 0;
		};
/* End PBXFrameworksBuildPhase section */

/* Begin PBXGroup section */
		05A138E6B012445CA7BEDD6A /* iOS */ = {
			isa = PBXGroup;
			children = (
				85872FF4363A476BBB8CB315 /* Foundation.framework */,
			);
			name = iOS;
			sourceTree = "<group>";
		};
		15ACF6256AD9FCED331636FA /* Frameworks */ = {
			isa = PBXGroup;
			children = (
				05A138E6B012445CA7BEDD6A /* iOS */,
				FFE68B5D5D7D9252AE2F634C /* libPods-TOSMBClientPodTest.a */,
			);
			name = Frameworks;
			sourceTree = "<group>";
		};
		1837341A895422692CCC2BBE /* Sources */ = {
			isa = PBXGroup;
			children = (
				84750A2210565348E482448E /* main.m */,
				01DE8E291628DBBBF3DA8483 /* Info.plist */,
			);
			name = Sources;
			sourceTree = "<group>";
		};
		6C8F5BA09E425FD0C2ACBC19 /* Pods */ = {
			isa = PBXGroup;
			children = (
				EDDEDA881535C26DB05A4521 /* Pods-TOSMBClientPodTest.release.xcconfig */,
				3AF4283B0F0CE13EF136C3B6 /* Pods-TOSMBClientPodTest.debug.xcconfig */,
			);
			path = Pods;
			sourceTree = "<group>";
		};
		88839E635500CDDCB4259AA8 = {
			isa = PBXGroup;
			children = (
				EF9AFE8BABB161B67C65D8E5 /* Products */,
				15ACF6256AD9FCED331636FA /* Frameworks */,
				1837341A895422692CCC2BBE /* Sources */,
				6C8F5BA09E425FD0C2ACBC19 /* Pods */,
			);
			sourceTree = "<group>";
		};
		EF9AFE8BABB161B67C65D8E5 /* Products */ = {
			isa = PBXGroup;
			children = (
				3747FB35CB44F4F1720E8AF0 /* TOSMBClientPodTest.app */,
			);
			name = Products;
			sourceTree = "<group>";
		};
/* End PBXGroup section */

/* Begin PBXNativeTarget section */
		DA4DFBD0F540FE497D93CCD0 /* TOSMBClientPodTest */ = {
			isa = PBXNativeTarget;
			buildConfigurationList = 6DF73B562EFA39665F36D102 /* Build configuration list for PBXNativeTarget "TOSMBClientPodTest" */;
			buildPhases = (
				CBEA36DB376BD702EB429411 /* [CP] Check Pods Manifest.lock */,
				CEAB14DBC90634D560BD596A /* Sources */,
				DBB4282C881105F6D0A7C318 /* Frameworks */,
				B04F45788A4F39F39EAA53A6 /* Resources */,
			);
			buildRules = (
			);
			dependencies = (
			);
			name = TOSMBClientPodTest;
			productName = TOSMBClientPodTest;
			productReference = 3747FB35CB44F4F1720E8AF0 /* TOSMBClientPodTest.app */;
			productType = "com.apple.product-type.application";
		};
/* End PBXNativeTarget section */

/* Begin PBXProject section */
		876213477E12EC32D6D29062 /* Project object */ = {
			isa = PBXProject;
			attributes = {
				LastSwiftUpdateCheck = 1600;
				LastUpgradeCheck = 1600;
				TargetAttributes = {
					DA4DFBD0F540FE497D93CCD0 = {
						DevelopmentTeam = PRNGNCWF3A;
						ProvisioningStyle = Automatic;
					};
				};
			};
			buildConfigurationList = 0433BCCA8BD2B7327C4D9EE3 /* Build configuration list for PBXProject "TOSMBClientPodTest" */;
			compatibilityVersion = "Xcode 3.2";
			developmentRegion = en;
			hasScannedForEncodings = 0;
			knownRegions = (
				en,
				Base,
			);
			mainGroup = 88839E635500CDDCB4259AA8;
			productRefGroup = EF9AFE8BABB161B67C65D8E5 /* Products */;
			projectDirPath = "";
			projectRoot = "";
			targets = (
				DA4DFBD0F540FE497D93CCD0 /* TOSMBClientPodTest */,
			);
		};
/* End PBXProject section */

/* Begin PBXResourcesBuildPhase section */
		B04F45788A4F39F39EAA53A6 /* Resources */ = {
			isa = PBXResourcesBuildPhase;
			buildActionMask = 2147483647;
			files = (
			);
			runOnlyForDeploymentPostprocessing = 0;
		};
/* End PBXResourcesBuildPhase section */

/* Begin PBXShellScriptBuildPhase section */
		CBEA36DB376BD702EB429411 /* [CP] Check Pods Manifest.lock */ = {
			isa = PBXShellScriptBuildPhase;
			buildActionMask = 2147483647;
			files = (
			);
			inputFileListPaths = (
			);
			inputPaths = (
				"${PODS_PODFILE_DIR_PATH}/Podfile.lock",
				"${PODS_ROOT}/Manifest.lock",
			);
			name = "[CP] Check Pods Manifest.lock";
			outputFileListPaths = (
			);
			outputPaths = (
				"$(DERIVED_FILE_DIR)/Pods-TOSMBClientPodTest-checkManifestLockResult.txt",
			);
			runOnlyForDeploymentPostprocessing = 0;
			shellPath = /bin/sh;
			shellScript = "diff \"${PODS_PODFILE_DIR_PATH}/Podfile.lock\" \"${PODS_ROOT}/Manifest.lock\" > /dev/null\nif [ $? != 0 ] ; then\n    # print error to STDERR\n    echo \"error: The sandbox is not in sync with the Podfile.lock. Run 'pod install' or update your CocoaPods installation.\" >&2\n    exit 1\nfi\n# This output is used by Xcode 'outputs' to avoid re-running this script phase.\necho \"SUCCESS\" > \"${SCRIPT_OUTPUT_FILE_0}\"\n";
			showEnvVarsInLog = 0;
		};
/* End PBXShellScriptBuildPhase section */

/* Begin PBXSourcesBuildPhase section */
		CEAB14DBC90634D560BD596A /* Sources */ = {
			isa = PBXSourcesBuildPhase;
			buildActionMask = 2147483647;
			files = (
				B044183E5D84031D2BC44DFC /* main.m in Sources */,
			);
			runOnlyForDeploymentPostprocessing = 0;
		};
/* End PBXSourcesBuildPhase section */

/* Begin XCBuildConfiguration section */
		132660C866D99A3F07049AB8 /* Release */ = {
			isa = XCBuildConfiguration;
			buildSettings = {
				ALWAYS_SEARCH_USER_PATHS = NO;
				CLANG_ANALYZER_NONNULL = YES;
				CLANG_ANALYZER_NUMBER_OBJECT_CONVERSION = YES_AGGRESSIVE;
				CLANG_CXX_LANGUAGE_STANDARD = "gnu++14";
				CLANG_CXX_LIBRARY = "libc++";
				CLANG_ENABLE_MODULES = YES;
				CLANG_ENABLE_OBJC_ARC = YES;
				CLANG_ENABLE_OBJC_WEAK = YES;
				CLANG_WARN_BLOCK_CAPTURE_AUTORELEASING = YES;
				CLANG_WARN_BOOL_CONVERSION = YES;
				CLANG_WARN_COMMA = YES;
				CLANG_WARN_CONSTANT_CONVERSION = YES;
				CLANG_WARN_DEPRECATED_OBJC_IMPLEMENTATIONS = YES;
				CLANG_WARN_DIRECT_OBJC_ISA_USAGE = YES_ERROR;
				CLANG_WARN_DOCUMENTATION_COMMENTS = YES;
				CLANG_WARN_EMPTY_BODY = YES;
				CLANG_WARN_ENUM_CONVERSION = YES;
				CLANG_WARN_INFINITE_RECURSION = YES;
				CLANG_WARN_INT_CONVERSION = YES;
				CLANG_WARN_NON_LITERAL_NULL_CONVERSION = YES;
				CLANG_WARN_OBJC_IMPLICIT_RETAIN_SELF = YES;
				CLANG_WARN_OBJC_LITERAL_CONVERSION = YES;
				CLANG_WARN_OBJC_ROOT_CLASS = YES_ERROR;
				CLANG_WARN_QUOTED_INCLUDE_IN_FRAMEWORK_HEADER = YES;
				CLANG_WARN_RANGE_LOOP_ANALYSIS = YES;
				CLANG_WARN_STRICT_PROTOTYPES = YES;
				CLANG_WARN_SUSPICIOUS_MOVE = YES;
				CLANG_WARN_UNGUARDED_AVAILABILITY = YES_AGGRESSIVE;
				CLANG_WARN_UNREACHABLE_CODE = YES;
				CLANG_WARN__DUPLICATE_METHOD_MATCH = YES;
				COPY_PHASE_STRIP = NO;
				DEBUG_INFORMATION_FORMAT = "dwarf-with-dsym";
				ENABLE_NS_ASSERTIONS = NO;
				ENABLE_STRICT_OBJC_MSGSEND = YES;
				GCC_C_LANGUAGE_STANDARD = gnu11;
				GCC_NO_COMMON_BLOCKS = YES;
				GCC_WARN_64_TO_32_BIT_CONVERSION = YES;
				GCC_WARN_ABOUT_RETURN_TYPE = YES_ERROR;
				GCC_WARN_UNDECLARED_SELECTOR = YES;
				GCC_WARN_UNINITIALIZED_AUTOS = YES_AGGRESSIVE;
				GCC_WARN_UNUSED_FUNCTION = YES;
				GCC_WARN_UNUSED_VARIABLE = YES;
				MTL_ENABLE_DEBUG_INFO = NO;
				MTL_FAST_MATH = YES;
				PRODUCT_NAME = "$(TARGET_NAME)";
				SWIFT_OPTIMIZATION_LEVEL = "-Owholemodule";
				SWIFT_VERSION = 5.0;
			};
			name = Release;
		};
		295CB61C8BA0ED0876AD4DE7 /* Debug */ = {
			isa = XCBuildConfiguration;
			baseConfigurationReference = 3AF4283B0F0CE13EF136C3B6 /* Pods-TOSMBClientPodTest.debug.xcconfig */;
			buildSettings = {
				ASSETCATALOG_COMPILER_APPICON_NAME = AppIcon;
				ASSETCATALOG_COMPILER_GLOBAL_ACCENT_COLOR_NAME = AccentColor;
				CLANG_ENABLE_OBJC_WEAK = NO;
				CODE_SIGNING_ALLOWED = NO;
				CODE_SIGN_IDENTITY = "Apple Development";
				CODE_SIGN_STYLE = Automatic;
				DEVELOPMENT_TEAM = PRNGNCWF3A;
				INFOPLIST_FILE = Info.plist;
				IPHONEOS_DEPLOYMENT_TARGET = 12.0;
				LD_RUNPATH_SEARCH_PATHS = "$(inherited) @executable_path/Frameworks";
				PRODUCT_BUNDLE_IDENTIFIER = com.test.ls.TOSMBClientPodTest;
				PROVISIONING_PROFILE_SPECIFIER = "";
				SDKROOT = iphoneos;
				SWIFT_VERSION = 5.0;
				TARGETED_DEVICE_FAMILY = "1,2";
			};
			name = Debug;
		};
		580EAA296EB5A86F3A87971E /* Release */ = {
			isa = XCBuildConfiguration;
			baseConfigurationReference = EDDEDA881535C26DB05A4521 /* Pods-TOSMBClientPodTest.release.xcconfig */;
			buildSettings = {
				ASSETCATALOG_COMPILER_APPICON_NAME = AppIcon;
				ASSETCATALOG_COMPILER_GLOBAL_ACCENT_COLOR_NAME = AccentColor;
				CLANG_ENABLE_OBJC_WEAK = NO;
				CODE_SIGNING_ALLOWED = NO;
				CODE_SIGN_IDENTITY = "Apple Development";
				CODE_SIGN_STYLE = Automatic;
				DEVELOPMENT_TEAM = PRNGNCWF3A;
				INFOPLIST_FILE = Info.plist;
				IPHONEOS_DEPLOYMENT_TARGET = 12.0;
				LD_RUNPATH_SEARCH_PATHS = "$(inherited) @executable_path/Frameworks";
				PRODUCT_BUNDLE_IDENTIFIER = com.test.ls.TOSMBClientPodTest;
				PROVISIONING_PROFILE_SPECIFIER = "";
				SDKROOT = iphoneos;
				SWIFT_VERSION = 5.0;
				TARGETED_DEVICE_FAMILY = "1,2";
				VALIDATE_PRODUCT = YES;
			};
			name = Release;
		};
		A74124E41386D0A4297BB182 /* Debug */ = {
			isa = XCBuildConfiguration;
			buildSettings = {
				ALWAYS_SEARCH_USER_PATHS = NO;
				CLANG_ANALYZER_NONNULL = YES;
				CLANG_ANALYZER_NUMBER_OBJECT_CONVERSION = YES_AGGRESSIVE;
				CLANG_CXX_LANGUAGE_STANDARD = "gnu++14";
				CLANG_CXX_LIBRARY = "libc++";
				CLANG_ENABLE_MODULES = YES;
				CLANG_ENABLE_OBJC_ARC = YES;
				CLANG_ENABLE_OBJC_WEAK = YES;
				CLANG_WARN_BLOCK_CAPTURE_AUTORELEASING = YES;
				CLANG_WARN_BOOL_CONVERSION = YES;
				CLANG_WARN_COMMA = YES;
				CLANG_WARN_CONSTANT_CONVERSION = YES;
				CLANG_WARN_DEPRECATED_OBJC_IMPLEMENTATIONS = YES;
				CLANG_WARN_DIRECT_OBJC_ISA_USAGE = YES_ERROR;
				CLANG_WARN_DOCUMENTATION_COMMENTS = YES;
				CLANG_WARN_EMPTY_BODY = YES;
				CLANG_WARN_ENUM_CONVERSION = YES;
				CLANG_WARN_INFINITE_RECURSION = YES;
				CLANG_WARN_INT_CONVERSION = YES;
				CLANG_WARN_NON_LITERAL_NULL_CONVERSION = YES;
				CLANG_WARN_OBJC_IMPLICIT_RETAIN_SELF = YES;
				CLANG_WARN_OBJC_LITERAL_CONVERSION = YES;
				CLANG_WARN_OBJC_ROOT_CLASS = YES_ERROR;
				CLANG_WARN_QUOTED_INCLUDE_IN_FRAMEWORK_HEADER = YES;
				CLANG_WARN_RANGE_LOOP_ANALYSIS = YES;
				CLANG_WARN_STRICT_PROTOTYPES = YES;
				CLANG_WARN_SUSPICIOUS_MOVE = YES;
				CLANG_WARN_UNGUARDED_AVAILABILITY = YES_AGGRESSIVE;
				CLANG_WARN_UNREACHABLE_CODE = YES;
				CLANG_WARN__DUPLICATE_METHOD_MATCH = YES;
				COPY_PHASE_STRIP = NO;
				DEBUG_INFORMATION_FORMAT = dwarf;
				ENABLE_STRICT_OBJC_MSGSEND = YES;
				ENABLE_TESTABILITY = YES;
				GCC_C_LANGUAGE_STANDARD = gnu11;
				GCC_DYNAMIC_NO_PIC = NO;
				GCC_NO_COMMON_BLOCKS = YES;
				GCC_OPTIMIZATION_LEVEL = 0;
				GCC_PREPROCESSOR_DEFINITIONS = (
					"DEBUG=1",
					"$(inherited)",
				);
				GCC_WARN_64_TO_32_BIT_CONVERSION = YES;
				GCC_WARN_ABOUT_RETURN_TYPE = YES_ERROR;
				GCC_WARN_UNDECLARED_SELECTOR = YES;
				GCC_WARN_UNINITIALIZED_AUTOS = YES_AGGRESSIVE;
				GCC_WARN_UNUSED_FUNCTION = YES;
				GCC_WARN_UNUSED_VARIABLE = YES;
				MTL_ENABLE_DEBUG_INFO = INCLUDE_SOURCE;
				MTL_FAST_MATH = YES;
				ONLY_ACTIVE_ARCH = YES;
				PRODUCT_NAME = "$(TARGET_NAME)";
				SWIFT_ACTIVE_COMPILATION_CONDITIONS = DEBUG;
				SWIFT_OPTIMIZATION_LEVEL = "-Onone";
				SWIFT_VERSION = 5.0;
			};
			name = Debug;
		};
/* End XCBuildConfiguration section */

/* Begin XCConfigurationList section */
		0433BCCA8BD2B7327C4D9EE3 /* Build configuration list for PBXProject "TOSMBClientPodTest" */ = {
			isa = XCConfigurationList;
			buildConfigurations = (
				A74124E41386D0A4297BB182 /* Debug */,
				132660C866D99A3F07049AB8 /* Release */,
			);
			defaultConfigurationIsVisible = 0;
			defaultConfigurationName = Release;
		};
		6DF73B562EFA39665F36D102 /* Build configuration list for PBXNativeTarget "TOSMBClientPodTest" */ = {
			isa = XCConfigurationList;
			buildConfigurations = (
				580EAA296EB5A86F3A87971E /* Release */,
				295CB61C8BA0ED0876AD4DE7 /* Debug */,
			);
			defaultConfigurationIsVisible = 0;
			defaultConfigurationName = Release;
		};
/* End XCConfigurationList section */
	};
	rootObject = 876213477E12EC32D6D29062 /* Project object */;
}
