PODS:
  - libdsm (0.4.0):
    - libtasn1 (~> 4.18)
  - libtasn1 (4.18.0)
  - TOSMBClient (1.0.0):
    - libdsm (~> 0.4)

DEPENDENCIES:
  - "libdsm (from `git@github.com:everappz/libdsm.git`, commit `365a1f551058b8b21c27f883d7a649cb38675af1`)"
  - "libtasn1 (from `git@github.com:everappz/libtasn1.git`, commit `4e28d24967c5f12343341096bcf27203f498b547`)"
  - "TOSMBClient (from `git@github.com:everappz/TOSMBClient.git`, commit `b7cdb81e472ec5d0e39788ddab69b5b47657ec83`)"

EXTERNAL SOURCES:
  libdsm:
    :commit: 365a1f551058b8b21c27f883d7a649cb38675af1
    :git: "git@github.com:everappz/libdsm.git"
  libtasn1:
    :commit: 4e28d24967c5f12343341096bcf27203f498b547
    :git: "git@github.com:everappz/libtasn1.git"
  TOSMBClient:
    :commit: b7cdb81e472ec5d0e39788ddab69b5b47657ec83
    :git: "git@github.com:everappz/TOSMBClient.git"

CHECKOUT OPTIONS:
  libdsm:
    :commit: 365a1f551058b8b21c27f883d7a649cb38675af1
    :git: "git@github.com:everappz/libdsm.git"
  libtasn1:
    :commit: 4e28d24967c5f12343341096bcf27203f498b547
    :git: "git@github.com:everappz/libtasn1.git"
  TOSMBClient:
    :commit: b7cdb81e472ec5d0e39788ddab69b5b47657ec83
    :git: "git@github.com:everappz/TOSMBClient.git"

SPEC CHECKSUMS:
  libdsm: 5a620b2a0d8f44875ad02bfb22ea5197024f9c9c
  libtasn1: 25dcc5c9803e15f955aa49b628a14dfe0fefd820
  TOSMBClient: 2c6504154da8d6ca040ca9b58a33ecfc3f4e7f91

PODFILE CHECKSUM: bfa3bdac161b993781c47b76d98bfb926926b669

COCOAPODS: 1.16.2
